github.com/alecthomas/kong v0.2.1 h1:V1tLBhyQBC4rsbXbcOvm3GBaytJSwRNX69fp1WJxbqQ=
github.com/alecthomas/kong v0.2.1/go.mod h1:+inYUSluD+p4L8KdviBSgzcqEjUQOfC5fQDRFuc36lI=
github.com/alecthomas/kong v0.2.2 h1:sk9ucwuUP/T4+byYEdNU13ZNYzoQRML4IsrMbbUUKLk=
github.com/alecthomas/kong v0.2.2/go.mod h1:kQOmtJgV+Lb4aj+I2LEn40cbtawdWJ9Y8QLq+lElKxE=
github.com/alecthomas/kong v0.2.3 h1:3lpXlaMhBPfecoz9ynU33+NT7QmfLVbaSvK6uja47uM=
github.com/alecthomas/kong v0.2.3/go.mod h1:kQOmtJgV+Lb4aj+I2LEn40cbtawdWJ9Y8QLq+lElKxE=
github.com/alecthomas/kong v0.2.4 h1:Y0ZBCHAvHhTHw7FFJ2FzCAAG4pkbTgA45nc7BpMhDNk=
github.com/alecthomas/kong v0.2.4/go.mod h1:kQOmtJgV+Lb4aj+I2LEn40cbtawdWJ9Y8QLq+lElKxE=
github.com/alecthomas/kong v0.2.5 h1:ebhzNAWR9tLmqkdnzaVCvtj65aGmM1xiEZPgM5vYWJM=
github.com/alecthomas/kong v0.2.5/go.mod h1:kQOmtJgV+Lb4aj+I2LEn40cbtawdWJ9Y8QLq+lElKxE=
github.com/alecthomas/kong v0.2.6 h1:Mt7QUT22jwXtXTlVBjinSHxPmzt/mFcW/8UIjRUXdMM=
github.com/alecthomas/kong v0.2.6/go.mod h1:kQOmtJgV+Lb4aj+I2LEn40cbtawdWJ9Y8QLq+lElKxE=
github.com/alecthomas/kong v0.2.7 h1:begq4KJBmDl9aHm23Xx9yr5qxU6aSyQvqKLOjDssIbc=
github.com/alecthomas/kong v0.2.7/go.mod h1:kQOmtJgV+Lb4aj+I2LEn40cbtawdWJ9Y8QLq+lElKxE=
github.com/alecthomas/kong v0.2.8 h1:VSWWkD1TZij2967FcfVwgRwlp3khCA0liZIkUI9hTdU=
github.com/alecthomas/kong v0.2.8/go.mod h1:kQOmtJgV+Lb4aj+I2LEn40cbtawdWJ9Y8QLq+lElKxE=
github.com/alecthomas/kong v0.2.9 h1:WGuTS/N2/NQ/9LymVqpr1ifZ4EEkQPvwFHqZs6ak5IU=
github.com/alecthomas/kong v0.2.9/go.mod h1:kQOmtJgV+Lb4aj+I2LEn40cbtawdWJ9Y8QLq+lElKxE=
github.com/davecgh/go-spew v1.1.1 h1:vj9j/u1bqnvCEfJOwUhtlOARqs3+rkHYY13jYWTU97c=
github.com/davecgh/go-spew v1.1.1/go.mod h1:J7Y8YcW2NihsgmVo/mv3lAwl/skON4iLHjSsI+c5H38=
github.com/mitchellh/mapstructure v1.1.2 h1:fmNYVwqnSfB9mZU6OS2O6GsXM+wcskZDuKQzvN1EDeE=
github.com/mitchellh/mapstructure v1.1.2/go.mod h1:FVVH3fgwuzCH5S8UJGiWEs2h04kUh9fWfEaFds41c1Y=
github.com/opencontainers/runc v0.1.1 h1:GlxAyO6x8rfZYN9Tt0Kti5a/cP41iuiO2yYT0IJGY8Y=
github.com/opencontainers/runc v0.1.1/go.mod h1:qT5XzbpPznkRYVz/mWwUaVBUv2rmF59PVA73FjuZG0U=
github.com/pkg/errors v0.8.1 h1:iURUrRGxPUNPdy5/HRSm+Yj6okJ6UtLINN0Q9M4+h3I=
github.com/pkg/errors v0.8.1/go.mod h1:bwawxfHBFNV+L2hUp1rHADufV3IMtnDRdf1r5NINEl0=
github.com/pmezard/go-difflib v1.0.0 h1:4DBwDE0NGyQoBHbLQYPwSUPoCMWR5BEzIk/f1lZbAQM=
github.com/pmezard/go-difflib v1.0.0/go.mod h1:iKH77koFhYxTK1pcRnkKkqfTogsbg7gZNVY4sRDYZ/4=
github.com/stretchr/testify v1.2.2 h1:bSDNvY7ZPG5RlJ8otE/7V6gMiyenm9RtJ7IUVIAoJ1w=
github.com/stretchr/testify v1.2.2/go.mod h1:a8OnRcib4nhh0OaRAV+Yts87kKdq0PP7pXfy6kDkUVs=
